
Microsoft Visual Studio Solution File, Format Version 12.00
# Visual Studio Version 17
VisualStudioVersion = 17.5.002.0
MinimumVisualStudioVersion = 10.0.40219.1
Project("{9A19103F-16F7-4668-BE54-9A1E7A4F7556}") = "csharp-practice", "csharp-practice.csproj", "{06E708F3-A6F8-415C-927C-3C72AA5C9637}"
EndProject
Global
	GlobalSection(SolutionConfigurationPlatforms) = preSolution
		Debug|Any CPU = Debug|Any CPU
		Release|Any CPU = Release|Any CPU
	EndGlobalSection
	GlobalSection(ProjectConfigurationPlatforms) = postSolution
		{06E708F3-A6F8-415C-927C-3C72AA5C9637}.Debug|Any CPU.ActiveCfg = Debug|Any CPU
		{06E708F3-A6F8-415C-927C-3C72AA5C9637}.Debug|Any CPU.Build.0 = Debug|Any CPU
		{06E708F3-A6F8-415C-927C-3C72AA5C9637}.Release|Any CPU.ActiveCfg = Release|Any CPU
		{06E708F3-A6F8-415C-927C-3C72AA5C9637}.Release|Any CPU.Build.0 = Release|Any CPU
	EndGlobalSection
	GlobalSection(SolutionProperties) = preSolution
		HideSolutionNode = FALSE
	EndGlobalSection
	GlobalSection(ExtensibilityGlobals) = postSolution
		SolutionGuid = {8EDB387A-F81C-4F6D-A268-7E98B38F20AF}
	EndGlobalSection
EndGlobal
